
Microsoft Visual Studio Solution File, Format Version 12.00
# Visual Studio Version 17
VisualStudioVersion = 17.2.32616.157
MinimumVisualStudioVersion = 10.0.40219.1
Project("{FAE04EC0-301F-11D3-BF4B-00C04F79EFBC}") = "Geometria_", "Geometria_\Geometria_.csproj", "{DA47C5BE-5160-451B-B2A4-0CC56EE19FD0}"
EndProject
Global
	GlobalSection(SolutionConfigurationPlatforms) = preSolution
		Debug|Any CPU = Debug|Any CPU
		Release|Any CPU = Release|Any CPU
	EndGlobalSection
	GlobalSection(ProjectConfigurationPlatforms) = postSolution
		{DA47C5BE-5160-451B-B2A4-0CC56EE19FD0}.Debug|Any CPU.ActiveCfg = Debug|Any CPU
		{DA47C5BE-5160-451B-B2A4-0CC56EE19FD0}.Debug|Any CPU.Build.0 = Debug|Any CPU
		{DA47C5BE-5160-451B-B2A4-0CC56EE19FD0}.Release|Any CPU.ActiveCfg = Release|Any CPU
		{DA47C5BE-5160-451B-B2A4-0CC56EE19FD0}.Release|Any CPU.Build.0 = Release|Any CPU
	EndGlobalSection
	GlobalSection(SolutionProperties) = preSolution
		HideSolutionNode = FALSE
	EndGlobalSection
	GlobalSection(ExtensibilityGlobals) = postSolution
		SolutionGuid = {6D39859F-42C7-46B1-B567-B41C5A38F7FA}
	EndGlobalSection
EndGlobal
